<?xml version="1.0" encoding="UTF-8" standalone="yes" ?>
<CodeBlocks_project_file>
	<FileVersion major="1" minor="6" />
	<Project>
		<Option title="ilitek_module" />
		<Option makefile_is_custom="1" />
		<Option pch_mode="2" />
		<Option compiler="arm-elf-gcc" />
		<Build>
			<Target title="P">
				<Option output="bin/P/ilitek_module" prefix_auto="1" extension_auto="1" />
				<Option object_output="obj/Debug/" />
				<Option type="1" />
				<Option compiler="arm-elf-gcc" />
				<Compiler>
					<Add option="-g" />
				</Compiler>
				<MakeCommands>
					<Build command="export ARCH=arm; export CROSS_COMPILE=arm-linux-; export PATH=$PATH:/Devel/NOVAsom_SDK/FileSystem/P_Base/output/host/bin;$make -f $makefile $target" />
					<CompileFile command="export ARCH=arm; export CROSS_COMPILE=arm-linux-; export PATH=$PATH:/Devel/NOVAsom_SDK/FileSystem/P_Base/output/host/bin;$make -f $makefile $target" />
					<Clean command="$make -f $makefile clean" />
					<DistClean command="$make -f $makefile distclean$target" />
					<AskRebuildNeeded command="export ARCH=arm; export CROSS_COMPILE=arm-linux-; export PATH=$PATH:/Devel/NOVAsom_SDK/FileSystem/P_Base/output/host/bin;$make -f $makefile $target" />
					<SilentBuild command="export ARCH=arm; export CROSS_COMPILE=arm-linux-; export PATH=$PATH:/Devel/NOVAsom_SDK/FileSystem/P_Base/output/host/bin;$make -f $makefile $target &gt; $(CMD_NULL)" />
				</MakeCommands>
			</Target>
			<Target title="U">
				<Option output="bin/U/ilitek_module" prefix_auto="1" extension_auto="1" />
				<Option object_output="obj/Release/" />
				<Option type="1" />
				<Option compiler="arm-elf-gcc" />
				<Compiler>
					<Add option="-O2" />
				</Compiler>
				<Linker>
					<Add option="-s" />
				</Linker>
			</Target>
		</Build>
		<Compiler>
			<Add option="-Wall" />
		</Compiler>
		<Unit filename="Makefile" />
		<Unit filename="ilitek_main.c">
			<Option compilerVar="CC" />
		</Unit>
		<Unit filename="ilitek_platform_init.c">
			<Option compilerVar="CC" />
		</Unit>
		<Unit filename="ilitek_tool.c">
			<Option compilerVar="CC" />
		</Unit>
		<Unit filename="ilitek_ts.h" />
		<Unit filename="ilitek_update.c">
			<Option compilerVar="CC" />
		</Unit>
		<Extensions>
			<code_completion />
			<debugger />
		</Extensions>
	</Project>
</CodeBlocks_project_file>
